{
    "name": "ad-pwa-setup",
    "version": "1.0.0",
    "lockfileVersion": 3,
    "requires": true,
    "packages": {
        "": {
            "name": "ad-pwa-setup",
            "version": "1.0.0",
            "license": "MIT",
            "bin": {
                "ad-pwa-setup": "bin/install.js"
            },
            "devDependencies": {}
        }
    }
}
